
Microsoft Visual Studio Solution File, Format Version 12.00
# Visual Studio Version 16
VisualStudioVersion = 16.0.30907.101
MinimumVisualStudioVersion = 10.0.40219.1
Project("{FAE04EC0-301F-11D3-BF4B-00C04F79EFBC}") = "EmpWageComputationPart4", "EmpWageComputationPart4\EmpWageComputationPart4.csproj", "{B62192D6-EEA9-401F-A2E8-AAC43B013D83}"
EndProject
Global
	GlobalSection(SolutionConfigurationPlatforms) = preSolution
		Debug|Any CPU = Debug|Any CPU
		Release|Any CPU = Release|Any CPU
	EndGlobalSection
	GlobalSection(ProjectConfigurationPlatforms) = postSolution
		{B62192D6-EEA9-401F-A2E8-AAC43B013D83}.Debug|Any CPU.ActiveCfg = Debug|Any CPU
		{B62192D6-EEA9-401F-A2E8-AAC43B013D83}.Debug|Any CPU.Build.0 = Debug|Any CPU
		{B62192D6-EEA9-401F-A2E8-AAC43B013D83}.Release|Any CPU.ActiveCfg = Release|Any CPU
		{B62192D6-EEA9-401F-A2E8-AAC43B013D83}.Release|Any CPU.Build.0 = Release|Any CPU
	EndGlobalSection
	GlobalSection(SolutionProperties) = preSolution
		HideSolutionNode = FALSE
	EndGlobalSection
	GlobalSection(ExtensibilityGlobals) = postSolution
		SolutionGuid = {1304F14F-0B06-431E-8682-F3377D8E6AEE}
	EndGlobalSection
EndGlobal
